
Microsoft Visual Studio Solution File, Format Version 12.00
# Visual Studio Version 16
VisualStudioVersion = 16.0.34931.43
MinimumVisualStudioVersion = 10.0.40219.1
Project("{FAE04EC0-301F-11D3-BF4B-00C04F79EFBC}") = "RE4_CNS_TOOL_LITTLE_ENDIAN", "RE4_CNS_TOOL_LITTLE_ENDIAN\RE4_CNS_TOOL_LITTLE_ENDIAN.csproj", "{C6029FDF-8BEE-4E01-9EE1-AACE1BAAE185}"
EndProject
Project("{FAE04EC0-301F-11D3-BF4B-00C04F79EFBC}") = "RE4_CNS_TOOL_BIG_ENDIAN", "RE4_CNS_TOOL_BIG_ENDIAN\RE4_CNS_TOOL_BIG_ENDIAN.csproj", "{9E63C3A0-D200-4B10-860F-766C751846C4}"
EndProject
Project("{D954291E-2A0B-460D-934E-DC6B0785DB48}") = "RE4_CNS_TOOL", "RE4_CNS_TOOL\RE4_CNS_TOOL.shproj", "{C83B1210-8A44-4F8E-82A4-F460D278445C}"
EndProject
Project("{D954291E-2A0B-460D-934E-DC6B0785DB48}") = "SimpleEndianBinaryIO", "SimpleEndianBinaryIO\SimpleEndianBinaryIO.shproj", "{5DDB0D8F-D1EA-479F-8FAC-BE2B5C6BAB65}"
EndProject
Global
	GlobalSection(SharedMSBuildProjectFiles) = preSolution
		SimpleEndianBinaryIO\SimpleEndianBinaryIO.projitems*{5ddb0d8f-d1ea-479f-8fac-be2b5c6bab65}*SharedItemsImports = 13
		RE4_CNS_TOOL\RE4_CNS_TOOL.projitems*{9e63c3a0-d200-4b10-860f-766c751846c4}*SharedItemsImports = 4
		SimpleEndianBinaryIO\SimpleEndianBinaryIO.projitems*{9e63c3a0-d200-4b10-860f-766c751846c4}*SharedItemsImports = 4
		RE4_CNS_TOOL\RE4_CNS_TOOL.projitems*{c6029fdf-8bee-4e01-9ee1-aace1baae185}*SharedItemsImports = 4
		SimpleEndianBinaryIO\SimpleEndianBinaryIO.projitems*{c6029fdf-8bee-4e01-9ee1-aace1baae185}*SharedItemsImports = 4
		RE4_CNS_TOOL\RE4_CNS_TOOL.projitems*{c83b1210-8a44-4f8e-82a4-f460d278445c}*SharedItemsImports = 13
	EndGlobalSection
	GlobalSection(SolutionConfigurationPlatforms) = preSolution
		Debug|Any CPU = Debug|Any CPU
		Release|Any CPU = Release|Any CPU
	EndGlobalSection
	GlobalSection(ProjectConfigurationPlatforms) = postSolution
		{C6029FDF-8BEE-4E01-9EE1-AACE1BAAE185}.Debug|Any CPU.ActiveCfg = Debug|Any CPU
		{C6029FDF-8BEE-4E01-9EE1-AACE1BAAE185}.Debug|Any CPU.Build.0 = Debug|Any CPU
		{C6029FDF-8BEE-4E01-9EE1-AACE1BAAE185}.Release|Any CPU.ActiveCfg = Release|Any CPU
		{C6029FDF-8BEE-4E01-9EE1-AACE1BAAE185}.Release|Any CPU.Build.0 = Release|Any CPU
		{9E63C3A0-D200-4B10-860F-766C751846C4}.Debug|Any CPU.ActiveCfg = Debug|Any CPU
		{9E63C3A0-D200-4B10-860F-766C751846C4}.Debug|Any CPU.Build.0 = Debug|Any CPU
		{9E63C3A0-D200-4B10-860F-766C751846C4}.Release|Any CPU.ActiveCfg = Release|Any CPU
		{9E63C3A0-D200-4B10-860F-766C751846C4}.Release|Any CPU.Build.0 = Release|Any CPU
	EndGlobalSection
	GlobalSection(SolutionProperties) = preSolution
		HideSolutionNode = FALSE
	EndGlobalSection
	GlobalSection(ExtensibilityGlobals) = postSolution
		SolutionGuid = {C1C8C064-D2F0-46E5-B4D0-F930F0080440}
	EndGlobalSection
EndGlobal
